
Microsoft Visual Studio Solution File, Format Version 12.00
# Visual Studio 15
VisualStudioVersion = 15.0.28307.902
MinimumVisualStudioVersion = 10.0.40219.1
Project("{2150E333-8FDC-42A3-9474-1A3956D46DE8}") = "Solution Items", "Solution Items", "{7F534FB2-A2A5-4EAB-94F6-24A0A2ECB746}"
	ProjectSection(SolutionItems) = preProject
		deployRgs.json = deployRgs.json
	EndProjectSection
EndProject
Global
	GlobalSection(SolutionProperties) = preSolution
		HideSolutionNode = FALSE
	EndGlobalSection
	GlobalSection(ExtensibilityGlobals) = postSolution
		SolutionGuid = {BBF0B8B1-F004-436A-A937-E7E05FAA4936}
	EndGlobalSection
EndGlobal
